
Microsoft Visual Studio Solution File, Format Version 12.00
# Visual Studio Version 17
VisualStudioVersion = 17.14.36511.14 d17.14
MinimumVisualStudioVersion = 10.0.40219.1
Project("{FAE04EC0-301F-11D3-BF4B-00C04F79EFBC}") = "SQLiteTutorial4", "SQLiteTutorial4\SQLiteTutorial4.csproj", "{D8A2EFB3-824E-4C8A-85F3-3BCD0B1125D7}"
EndProject
Global
	GlobalSection(SolutionConfigurationPlatforms) = preSolution
		Debug|Any CPU = Debug|Any CPU
		Release|Any CPU = Release|Any CPU
	EndGlobalSection
	GlobalSection(ProjectConfigurationPlatforms) = postSolution
		{D8A2EFB3-824E-4C8A-85F3-3BCD0B1125D7}.Debug|Any CPU.ActiveCfg = Debug|Any CPU
		{D8A2EFB3-824E-4C8A-85F3-3BCD0B1125D7}.Debug|Any CPU.Build.0 = Debug|Any CPU
		{D8A2EFB3-824E-4C8A-85F3-3BCD0B1125D7}.Release|Any CPU.ActiveCfg = Release|Any CPU
		{D8A2EFB3-824E-4C8A-85F3-3BCD0B1125D7}.Release|Any CPU.Build.0 = Release|Any CPU
	EndGlobalSection
	GlobalSection(SolutionProperties) = preSolution
		HideSolutionNode = FALSE
	EndGlobalSection
	GlobalSection(ExtensibilityGlobals) = postSolution
		SolutionGuid = {F268BE1F-B6BA-41B0-B9D8-9D33DD1E9C9C}
	EndGlobalSection
EndGlobal
